{
  "name": "us-frontend",
  "version": "0.1.0",
  "lockfileVersion": 3,
  "requires": true,
  "packages": {
    "": {
      "name": "us-frontend",
      "version": "0.1.0",
      "devDependencies": {
        "typescript": "file:vendor/typescript",
        "vite": "file:vendor/vite"
      },
      "engines": {
        "node": ">=20"
      }
    },
    "node_modules/typescript": {
      "resolved": "vendor/typescript",
      "link": true
    },
    "node_modules/vite": {
      "resolved": "vendor/vite",
      "link": true
    },
    "vendor/typescript": {
      "version": "0.0.0-local",
      "dev": true,
      "bin": {
        "tsc": "bin/tsc.js"
      }
    },
    "vendor/vite": {
      "version": "0.0.0-local",
      "dev": true,
      "bin": {
        "vite": "bin/vite.js"
      }
    }
  }
}
